{
  "nodes": {
    "nixpkgs": {
      "locked": {
        "lastModified": 1788608636,
        "narHash": "sha256-RqeFOwW329f4i1f5QlJgQYwgEZvxIHJsUYlzIBxsKsY=",
        "owner": "NixOS",
        "repo": "nixpkgs",
        "rev": "0af3d1402dec3fc7e93635e511d1f7428c89cebf",
        "type": "github"
      },
      "original": {
        "owner": "NixOS",
        "ref": "nixpkgs-unstable",
        "repo": "nixpkgs",
        "type": "github"
      }
    },
    "root": {
      "inputs": {
        "nixpkgs": "nixpkgs",
        "sbt-derivation": "sbt-derivation"
      }
    },
    "sbt-derivation": {
      "flake": false,
      "locked": {
        "lastModified": 1698464090,
        "narHash": "sha256-Pnej7WZIPomYWg8f/CZ65sfW85IfIUjYhphMMg7/LT0=",
        "owner": "zaninime",
        "repo": "sbt-derivation",
        "rev": "6762cf2c31de50efd9ff905cbcc87239995a4ef9",
        "type": "github"
      },
      "original": {
        "owner": "zaninime",
        "repo": "sbt-derivation",
        "type": "github"
      }
    }
  },
  "root": "root",
  "version": 7
}
