{
  "nodes": {
    "effekt-src-repo": {
      "flake": false,
      "locked": {
        "lastModified": 1723399503,
        "narHash": "sha256-IJEo6592ujMurhoG9DkbdqkVEN1Zv6reXHtHTngJBLI=",
        "owner": "effekt-lang",
        "repo": "effekt",
        "rev": "08fc8fdee26d420c05823862ee008092582198dd",
        "type": "github"
      },
      "original": {
        "owner": "effekt-lang",
        "repo": "effekt",
        "type": "github"
      }
    },
    "flake-utils": {
      "inputs": {
        "systems": "systems"
      },
      "locked": {
        "lastModified": 1710146030,
        "narHash": "sha256-SZ5L6eA7HJ/nmkzGG7/ISclqe6oZdOZTNoesiInkXPQ=",
        "owner": "numtide",
        "repo": "flake-utils",
        "rev": "b1d9ab70662946ef0850d488da1c9019f3a9752a",
        "type": "github"
      },
      "original": {
        "owner": "numtide",
        "repo": "flake-utils",
        "type": "github"
      }
    },
    "kiama-src-repo": {
      "flake": false,
      "locked": {
        "lastModified": 1711460946,
        "narHash": "sha256-aVvQ+jqki/Q8X3bE4Cb8ghYB18UB7mFnL+P0z0FTa40=",
        "owner": "effekt-lang",
        "repo": "kiama",
        "rev": "ab6aef78fc4ce99a9ad2db8555718d00b03f7b8a",
        "type": "github"
      },
      "original": {
        "owner": "effekt-lang",
        "repo": "kiama",
        "type": "github"
      }
    },
    "nixpkgs": {
      "locked": {
        "lastModified": 1725816686,
        "narHash": "sha256-0Kq2MkQ/sQX1rhWJ/ySBBQlBJBUK8mPMDcuDhhdBkSU=",
        "owner": "NixOS",
        "repo": "nixpkgs",
        "rev": "add0443ee587a0c44f22793b8c8649a0dbc3bb00",
        "type": "github"
      },
      "original": {
        "owner": "NixOS",
        "ref": "nixpkgs-unstable",
        "repo": "nixpkgs",
        "type": "github"
      }
    },
    "root": {
      "inputs": {
        "effekt-src-repo": "effekt-src-repo",
        "flake-utils": "flake-utils",
        "kiama-src-repo": "kiama-src-repo",
        "nixpkgs": "nixpkgs",
        "sbt-derivation": "sbt-derivation"
      }
    },
    "sbt-derivation": {
      "inputs": {
        "flake-utils": [
          "flake-utils"
        ],
        "nixpkgs": [
          "nixpkgs"
        ]
      },
      "locked": {
        "lastModified": 1698464090,
        "narHash": "sha256-Pnej7WZIPomYWg8f/CZ65sfW85IfIUjYhphMMg7/LT0=",
        "owner": "zaninime",
        "repo": "sbt-derivation",
        "rev": "6762cf2c31de50efd9ff905cbcc87239995a4ef9",
        "type": "github"
      },
      "original": {
        "owner": "zaninime",
        "repo": "sbt-derivation",
        "type": "github"
      }
    },
    "systems": {
      "locked": {
        "lastModified": 1681028828,
        "narHash": "sha256-Vy1rq5AaRuLzOxct8nz4T6wlgyUR7zLU309k9mBC768=",
        "owner": "nix-systems",
        "repo": "default",
        "rev": "da67096a3b9bf56a91d16901293e51ba5b49a27e",
        "type": "github"
      },
      "original": {
        "owner": "nix-systems",
        "repo": "default",
        "type": "github"
      }
    }
  },
  "root": "root",
  "version": 7
}
