name: update-flake-lock
on:
  workflow_dispatch: # allows manual triggering
  schedule:
    - cron: '0 6 * * 1' # runs weekly on Monday at 06:00 UTC

jobs:
  lockfile:
    runs-on: ubuntu-latest
    permissions:
      contents: write
      pull-requests: write
    steps:
      - name: Checkout repository
        uses: actions/checkout@v5
      - name: Install Nix
        uses: cachix/install-nix-action@v31
      - name: Update flake.lock
        uses: DeterminateSystems/update-flake-lock@main
